// !$*UTF8*$!
{
	archiveVersion = 1;
	classes = {
	};
	objectVersion = 53;
	objects = {

/* Begin PBXBuildFile section */
		6705159628A3029B00899A56 /* DashboardVC.swift in Sources */ = {isa = PBXBuildFile; fileRef = 6705159528A3029B00899A56 /* DashboardVC.swift */; };
		6705159828A3032400899A56 /* UserModel.swift in Sources */ = {isa = PBXBuildFile; fileRef = 6705159728A3032400899A56 /* UserModel.swift */; };
		6705159A28A315C900899A56 /* TutorModel.swift in Sources */ = {isa = PBXBuildFile; fileRef = 6705159928A315C900899A56 /* TutorModel.swift */; };
		6705159D28A3162F00899A56 /* TutorCell.swift in Sources */ = {isa = PBXBuildFile; fileRef = 6705159B28A3162F00899A56 /* TutorCell.swift */; };
		6705159E28A3162F00899A56 /* TutorCell.xib in Resources */ = {isa = PBXBuildFile; fileRef = 6705159C28A3162F00899A56 /* TutorCell.xib */; };
		670515A128A46C4700899A56 /* Alamofire in Frameworks */ = {isa = PBXBuildFile; productRef = 670515A028A46C4700899A56 /* Alamofire */; };
		671ECC19289F1B9600C768D1 /* SignUpVC.swift in Sources */ = {isa = PBXBuildFile; fileRef = 671ECC18289F1B9500C768D1 /* SignUpVC.swift */; };
		672174F328A5662000977FC1 /* CosmosDistrib.swift in Sources */ = {isa = PBXBuildFile; fileRef = 672174F228A5662000977FC1 /* CosmosDistrib.swift */; };
		672174F628A56AF700977FC1 /* TutorDetailVC.swift in Sources */ = {isa = PBXBuildFile; fileRef = 672174F528A56AF700977FC1 /* TutorDetailVC.swift */; };
		672174F828A56B1800977FC1 /* AddTutorVC.swift in Sources */ = {isa = PBXBuildFile; fileRef = 672174F728A56B1800977FC1 /* AddTutorVC.swift */; };
		672174FA28A59FF100977FC1 /* ViewRatingsVC.swift in Sources */ = {isa = PBXBuildFile; fileRef = 672174F928A59FF100977FC1 /* ViewRatingsVC.swift */; };
		672174FE28A5A07000977FC1 /* RatingsCell.swift in Sources */ = {isa = PBXBuildFile; fileRef = 672174FC28A5A07000977FC1 /* RatingsCell.swift */; };
		672174FF28A5A07000977FC1 /* RatingsCell.xib in Resources */ = {isa = PBXBuildFile; fileRef = 672174FD28A5A07000977FC1 /* RatingsCell.xib */; };
		6721750128A5A27F00977FC1 /* RatingModel.swift in Sources */ = {isa = PBXBuildFile; fileRef = 6721750028A5A27F00977FC1 /* RatingModel.swift */; };
		673FFF6328A8ACAA00FCD27A /* AddReviewVC.swift in Sources */ = {isa = PBXBuildFile; fileRef = 673FFF6228A8ACAA00FCD27A /* AddReviewVC.swift */; };
		67593A5B28A84B4E008F72C4 /* TutorDashboardVC.swift in Sources */ = {isa = PBXBuildFile; fileRef = 67593A5A28A84B4E008F72C4 /* TutorDashboardVC.swift */; };
		67593A5E28A854C3008F72C4 /* StudentDashboardVC.swift in Sources */ = {isa = PBXBuildFile; fileRef = 67593A5D28A854C3008F72C4 /* StudentDashboardVC.swift */; };
		6781F4F728A044260089382C /* IQTextView.swift in Sources */ = {isa = PBXBuildFile; fileRef = 6781F4DC28A044260089382C /* IQTextView.swift */; };
		6781F4F828A044260089382C /* IQKeyboardManager+Internal.swift in Sources */ = {isa = PBXBuildFile; fileRef = 6781F4DD28A044260089382C /* IQKeyboardManager+Internal.swift */; };
		6781F4F928A044260089382C /* IQPreviousNextView.swift in Sources */ = {isa = PBXBuildFile; fileRef = 6781F4DF28A044260089382C /* IQPreviousNextView.swift */; };
		6781F4FA28A044260089382C /* IQTitleBarButtonItem.swift in Sources */ = {isa = PBXBuildFile; fileRef = 6781F4E028A044260089382C /* IQTitleBarButtonItem.swift */; };
		6781F4FB28A044260089382C /* IQBarButtonItem.swift in Sources */ = {isa = PBXBuildFile; fileRef = 6781F4E128A044260089382C /* IQBarButtonItem.swift */; };
		6781F4FC28A044260089382C /* IQToolbar.swift in Sources */ = {isa = PBXBuildFile; fileRef = 6781F4E228A044260089382C /* IQToolbar.swift */; };
		6781F4FD28A044260089382C /* IQUIView+IQKeyboardToolbar.swift in Sources */ = {isa = PBXBuildFile; fileRef = 6781F4E328A044260089382C /* IQUIView+IQKeyboardToolbar.swift */; };
		6781F4FE28A044260089382C /* IQInvocation.swift in Sources */ = {isa = PBXBuildFile; fileRef = 6781F4E428A044260089382C /* IQInvocation.swift */; };
		6781F4FF28A044260089382C /* IQKeyboardManager+UIKeyboardNotification.swift in Sources */ = {isa = PBXBuildFile; fileRef = 6781F4E528A044260089382C /* IQKeyboardManager+UIKeyboardNotification.swift */; };
		6781F50028A044260089382C /* IQKeyboardManagerConstantsInternal.swift in Sources */ = {isa = PBXBuildFile; fileRef = 6781F4E728A044260089382C /* IQKeyboardManagerConstantsInternal.swift */; };
		6781F50128A044260089382C /* IQKeyboardManagerConstants.swift in Sources */ = {isa = PBXBuildFile; fileRef = 6781F4E828A044260089382C /* IQKeyboardManagerConstants.swift */; };
		6781F50228A044260089382C /* IQKeyboardManager+Position.swift in Sources */ = {isa = PBXBuildFile; fileRef = 6781F4E928A044260089382C /* IQKeyboardManager+Position.swift */; };
		6781F50328A044260089382C /* IQKeyboardReturnKeyHandler.swift in Sources */ = {isa = PBXBuildFile; fileRef = 6781F4EA28A044260089382C /* IQKeyboardReturnKeyHandler.swift */; };
		6781F50428A044260089382C /* IQKeyboardManager.swift in Sources */ = {isa = PBXBuildFile; fileRef = 6781F4EB28A044260089382C /* IQKeyboardManager.swift */; };
		6781F50528A044260089382C /* IQKeyboardManager+Debug.swift in Sources */ = {isa = PBXBuildFile; fileRef = 6781F4EC28A044260089382C /* IQKeyboardManager+Debug.swift */; };
		6781F50628A044260089382C /* IQKeyboardManager+OrientationNotification.swift in Sources */ = {isa = PBXBuildFile; fileRef = 6781F4ED28A044260089382C /* IQKeyboardManager+OrientationNotification.swift */; };
		6781F50728A044260089382C /* IQKeyboardManager+Toolbar.swift in Sources */ = {isa = PBXBuildFile; fileRef = 6781F4EE28A044260089382C /* IQKeyboardManager+Toolbar.swift */; };
		6781F50828A044260089382C /* IQUIScrollView+Additions.swift in Sources */ = {isa = PBXBuildFile; fileRef = 6781F4F128A044260089382C /* IQUIScrollView+Additions.swift */; };
		6781F50928A044260089382C /* IQUIViewController+Additions.swift in Sources */ = {isa = PBXBuildFile; fileRef = 6781F4F228A044260089382C /* IQUIViewController+Additions.swift */; };
		6781F50A28A044260089382C /* IQUITextFieldView+Additions.swift in Sources */ = {isa = PBXBuildFile; fileRef = 6781F4F328A044260089382C /* IQUITextFieldView+Additions.swift */; };
		6781F50B28A044260089382C /* IQUIView+Hierarchy.swift in Sources */ = {isa = PBXBuildFile; fileRef = 6781F4F428A044260089382C /* IQUIView+Hierarchy.swift */; };
		6781F50C28A044260089382C /* IQNSArray+Sort.swift in Sources */ = {isa = PBXBuildFile; fileRef = 6781F4F528A044260089382C /* IQNSArray+Sort.swift */; };
		6781F50D28A044260089382C /* IQKeyboardManager+UITextFieldViewNotification.swift in Sources */ = {isa = PBXBuildFile; fileRef = 6781F4F628A044260089382C /* IQKeyboardManager+UITextFieldViewNotification.swift */; };
		67A7AFAB28A03DF30028CB4F /* ResetPasswordVC.swift in Sources */ = {isa = PBXBuildFile; fileRef = 67A7AFAA28A03DF30028CB4F /* ResetPasswordVC.swift */; };
		67B55EFF289F02C80083F5C9 /* AppDelegate.swift in Sources */ = {isa = PBXBuildFile; fileRef = 67B55EFE289F02C80083F5C9 /* AppDelegate.swift */; };
		67B55F01289F02C80083F5C9 /* SceneDelegate.swift in Sources */ = {isa = PBXBuildFile; fileRef = 67B55F00289F02C80083F5C9 /* SceneDelegate.swift */; };
		67B55F03289F02C80083F5C9 /* ViewController.swift in Sources */ = {isa = PBXBuildFile; fileRef = 67B55F02289F02C80083F5C9 /* ViewController.swift */; };
		67B55F06289F02C80083F5C9 /* Main.storyboard in Resources */ = {isa = PBXBuildFile; fileRef = 67B55F04289F02C80083F5C9 /* Main.storyboard */; };
		67B55F09289F02C80083F5C9 /* Kuebeeko.xcdatamodeld in Sources */ = {isa = PBXBuildFile; fileRef = 67B55F07289F02C80083F5C9 /* Kuebeeko.xcdatamodeld */; };
		67B55F0B289F02CA0083F5C9 /* Assets.xcassets in Resources */ = {isa = PBXBuildFile; fileRef = 67B55F0A289F02CA0083F5C9 /* Assets.xcassets */; };
		67B55F0E289F02CA0083F5C9 /* LaunchScreen.storyboard in Resources */ = {isa = PBXBuildFile; fileRef = 67B55F0C289F02CA0083F5C9 /* LaunchScreen.storyboard */; };
		67B55F19289F02CB0083F5C9 /* KuebeekoTests.swift in Sources */ = {isa = PBXBuildFile; fileRef = 67B55F18289F02CB0083F5C9 /* KuebeekoTests.swift */; };
		67B55F23289F02CB0083F5C9 /* KuebeekoUITests.swift in Sources */ = {isa = PBXBuildFile; fileRef = 67B55F22289F02CB0083F5C9 /* KuebeekoUITests.swift */; };
		67B55F25289F02CB0083F5C9 /* KuebeekoUITestsLaunchTests.swift in Sources */ = {isa = PBXBuildFile; fileRef = 67B55F24289F02CB0083F5C9 /* KuebeekoUITestsLaunchTests.swift */; };
		67B55F3A289F04DA0083F5C9 /* GoogleService-Info.plist in Resources */ = {isa = PBXBuildFile; fileRef = 67B55F39289F04DA0083F5C9 /* GoogleService-Info.plist */; };
		67B55F3C289F05710083F5C9 /* FirebaseHandler.swift in Sources */ = {isa = PBXBuildFile; fileRef = 67B55F3B289F05710083F5C9 /* FirebaseHandler.swift */; };
		67B55F3E289F08DB0083F5C9 /* Design.swift in Sources */ = {isa = PBXBuildFile; fileRef = 67B55F3D289F08DB0083F5C9 /* Design.swift */; };
		67B55F42289F08E90083F5C9 /* Utility.swift in Sources */ = {isa = PBXBuildFile; fileRef = 67B55F3F289F08E90083F5C9 /* Utility.swift */; };
		67B55F43289F08E90083F5C9 /* Validations.swift in Sources */ = {isa = PBXBuildFile; fileRef = 67B55F40289F08E90083F5C9 /* Validations.swift */; };
		67B55F44289F08E90083F5C9 /* Constants.swift in Sources */ = {isa = PBXBuildFile; fileRef = 67B55F41289F08E90083F5C9 /* Constants.swift */; };
		67B55F52289F11010083F5C9 /* LoginVC.swift in Sources */ = {isa = PBXBuildFile; fileRef = 67B55F51289F11010083F5C9 /* LoginVC.swift */; };
		67DF972228A6DBF500B74F12 /* Webservices.swift in Sources */ = {isa = PBXBuildFile; fileRef = 67DF972128A6DBF300B74F12 /* Webservices.swift */; };
		67FC500928A71482008542E1 /* SubjectModel.swift in Sources */ = {isa = PBXBuildFile; fileRef = 67FC500828A71482008542E1 /* SubjectModel.swift */; };
		67FC500C28A71D81008542E1 /* FirebaseAnalytics in Frameworks */ = {isa = PBXBuildFile; productRef = 67FC500B28A71D81008542E1 /* FirebaseAnalytics */; };
		67FC500E28A71D81008542E1 /* FirebaseAnalyticsSwift in Frameworks */ = {isa = PBXBuildFile; productRef = 67FC500D28A71D81008542E1 /* FirebaseAnalyticsSwift */; };
		67FC501028A71D81008542E1 /* FirebaseAuth in Frameworks */ = {isa = PBXBuildFile; productRef = 67FC500F28A71D81008542E1 /* FirebaseAuth */; };
		67FC501228A71D81008542E1 /* FirebaseAuthCombine-Community in Frameworks */ = {isa = PBXBuildFile; productRef = 67FC501128A71D81008542E1 /* FirebaseAuthCombine-Community */; };
		67FC501428A71D81008542E1 /* FirebaseCrashlytics in Frameworks */ = {isa = PBXBuildFile; productRef = 67FC501328A71D81008542E1 /* FirebaseCrashlytics */; };
		67FC501628A71D81008542E1 /* FirebaseDatabase in Frameworks */ = {isa = PBXBuildFile; productRef = 67FC501528A71D81008542E1 /* FirebaseDatabase */; };
		67FC501828A71D81008542E1 /* FirebaseDatabaseSwift in Frameworks */ = {isa = PBXBuildFile; productRef = 67FC501728A71D81008542E1 /* FirebaseDatabaseSwift */; };
		67FC501A28A71D81008542E1 /* FirebaseFirestore in Frameworks */ = {isa = PBXBuildFile; productRef = 67FC501928A71D81008542E1 /* FirebaseFirestore */; };
		67FC501C28A71D81008542E1 /* FirebaseFirestoreSwift in Frameworks */ = {isa = PBXBuildFile; productRef = 67FC501B28A71D81008542E1 /* FirebaseFirestoreSwift */; };
		67FC501E28A71D81008542E1 /* FirebaseMessaging in Frameworks */ = {isa = PBXBuildFile; productRef = 67FC501D28A71D81008542E1 /* FirebaseMessaging */; };
		67FC502028A71D81008542E1 /* FirebaseStorage in Frameworks */ = {isa = PBXBuildFile; productRef = 67FC501F28A71D81008542E1 /* FirebaseStorage */; };
		67FC502228A71D81008542E1 /* FirebaseStorageCombine-Community in Frameworks */ = {isa = PBXBuildFile; productRef = 67FC502128A71D81008542E1 /* FirebaseStorageCombine-Community */; };
		67FC502428A721BE008542E1 /* Extension+String.swift in Sources */ = {isa = PBXBuildFile; fileRef = 67FC502328A721BE008542E1 /* Extension+String.swift */; };
		67FC502728A729C7008542E1 /* SDWebImage in Frameworks */ = {isa = PBXBuildFile; productRef = 67FC502628A729C7008542E1 /* SDWebImage */; };
		67FC502928A729C7008542E1 /* SDWebImageMapKit in Frameworks */ = {isa = PBXBuildFile; productRef = 67FC502828A729C7008542E1 /* SDWebImageMapKit */; };
		67FC502B28A72A24008542E1 /* Extension+UIImageView.swift in Sources */ = {isa = PBXBuildFile; fileRef = 67FC502A28A72A24008542E1 /* Extension+UIImageView.swift */; };
/* End PBXBuildFile section */

/* Begin PBXContainerItemProxy section */
		67B55F15289F02CB0083F5C9 /* PBXContainerItemProxy */ = {
			isa = PBXContainerItemProxy;
			containerPortal = 67B55EF3289F02C70083F5C9 /* Project object */;
			proxyType = 1;
			remoteGlobalIDString = 67B55EFA289F02C70083F5C9;
			remoteInfo = Kuebeeko;
		};
		67B55F1F289F02CB0083F5C9 /* PBXContainerItemProxy */ = {
			isa = PBXContainerItemProxy;
			containerPortal = 67B55EF3289F02C70083F5C9 /* Project object */;
			proxyType = 1;
			remoteGlobalIDString = 67B55EFA289F02C70083F5C9;
			remoteInfo = Kuebeeko;
		};
/* End PBXContainerItemProxy section */

/* Begin PBXFileReference section */
		6705159528A3029B00899A56 /* DashboardVC.swift */ = {isa = PBXFileReference; lastKnownFileType = sourcecode.swift; path = DashboardVC.swift; sourceTree = "<group>"; };
		6705159728A3032400899A56 /* UserModel.swift */ = {isa = PBXFileReference; lastKnownFileType = sourcecode.swift; path = UserModel.swift; sourceTree = "<group>"; };
		6705159928A315C900899A56 /* TutorModel.swift */ = {isa = PBXFileReference; lastKnownFileType = sourcecode.swift; path = TutorModel.swift; sourceTree = "<group>"; };
		6705159B28A3162F00899A56 /* TutorCell.swift */ = {isa = PBXFileReference; lastKnownFileType = sourcecode.swift; path = TutorCell.swift; sourceTree = "<group>"; };
		6705159C28A3162F00899A56 /* TutorCell.xib */ = {isa = PBXFileReference; lastKnownFileType = file.xib; path = TutorCell.xib; sourceTree = "<group>"; };
		671ECC18289F1B9500C768D1 /* SignUpVC.swift */ = {isa = PBXFileReference; fileEncoding = 4; lastKnownFileType = sourcecode.swift; path = SignUpVC.swift; sourceTree = "<group>"; };
		672174F228A5662000977FC1 /* CosmosDistrib.swift */ = {isa = PBXFileReference; fileEncoding = 4; lastKnownFileType = sourcecode.swift; path = CosmosDistrib.swift; sourceTree = "<group>"; };
		672174F528A56AF700977FC1 /* TutorDetailVC.swift */ = {isa = PBXFileReference; lastKnownFileType = sourcecode.swift; path = TutorDetailVC.swift; sourceTree = "<group>"; };
		672174F728A56B1800977FC1 /* AddTutorVC.swift */ = {isa = PBXFileReference; lastKnownFileType = sourcecode.swift; path = AddTutorVC.swift; sourceTree = "<group>"; };
		672174F928A59FF100977FC1 /* ViewRatingsVC.swift */ = {isa = PBXFileReference; lastKnownFileType = sourcecode.swift; path = ViewRatingsVC.swift; sourceTree = "<group>"; };
		672174FC28A5A07000977FC1 /* RatingsCell.swift */ = {isa = PBXFileReference; lastKnownFileType = sourcecode.swift; path = RatingsCell.swift; sourceTree = "<group>"; };
		672174FD28A5A07000977FC1 /* RatingsCell.xib */ = {isa = PBXFileReference; lastKnownFileType = file.xib; path = RatingsCell.xib; sourceTree = "<group>"; };
		6721750028A5A27F00977FC1 /* RatingModel.swift */ = {isa = PBXFileReference; lastKnownFileType = sourcecode.swift; path = RatingModel.swift; sourceTree = "<group>"; };
		673FFF6228A8ACAA00FCD27A /* AddReviewVC.swift */ = {isa = PBXFileReference; lastKnownFileType = sourcecode.swift; path = AddReviewVC.swift; sourceTree = "<group>"; };
		67593A5A28A84B4E008F72C4 /* TutorDashboardVC.swift */ = {isa = PBXFileReference; lastKnownFileType = sourcecode.swift; path = TutorDashboardVC.swift; sourceTree = "<group>"; };
		67593A5D28A854C3008F72C4 /* StudentDashboardVC.swift */ = {isa = PBXFileReference; lastKnownFileType = sourcecode.swift; path = StudentDashboardVC.swift; sourceTree = "<group>"; };
		6781F4DC28A044260089382C /* IQTextView.swift */ = {isa = PBXFileReference; fileEncoding = 4; lastKnownFileType = sourcecode.swift; path = IQTextView.swift; sourceTree = "<group>"; };
		6781F4DD28A044260089382C /* IQKeyboardManager+Internal.swift */ = {isa = PBXFileReference; fileEncoding = 4; lastKnownFileType = sourcecode.swift; path = "IQKeyboardManager+Internal.swift"; sourceTree = "<group>"; };
		6781F4DF28A044260089382C /* IQPreviousNextView.swift */ = {isa = PBXFileReference; fileEncoding = 4; lastKnownFileType = sourcecode.swift; path = IQPreviousNextView.swift; sourceTree = "<group>"; };
		6781F4E028A044260089382C /* IQTitleBarButtonItem.swift */ = {isa = PBXFileReference; fileEncoding = 4; lastKnownFileType = sourcecode.swift; path = IQTitleBarButtonItem.swift; sourceTree = "<group>"; };
		6781F4E128A044260089382C /* IQBarButtonItem.swift */ = {isa = PBXFileReference; fileEncoding = 4; lastKnownFileType = sourcecode.swift; path = IQBarButtonItem.swift; sourceTree = "<group>"; };
		6781F4E228A044260089382C /* IQToolbar.swift */ = {isa = PBXFileReference; fileEncoding = 4; lastKnownFileType = sourcecode.swift; path = IQToolbar.swift; sourceTree = "<group>"; };
		6781F4E328A044260089382C /* IQUIView+IQKeyboardToolbar.swift */ = {isa = PBXFileReference; fileEncoding = 4; lastKnownFileType = sourcecode.swift; path = "IQUIView+IQKeyboardToolbar.swift"; sourceTree = "<group>"; };
		6781F4E428A044260089382C /* IQInvocation.swift */ = {isa = PBXFileReference; fileEncoding = 4; lastKnownFileType = sourcecode.swift; path = IQInvocation.swift; sourceTree = "<group>"; };
		6781F4E528A044260089382C /* IQKeyboardManager+UIKeyboardNotification.swift */ = {isa = PBXFileReference; fileEncoding = 4; lastKnownFileType = sourcecode.swift; path = "IQKeyboardManager+UIKeyboardNotification.swift"; sourceTree = "<group>"; };
		6781F4E728A044260089382C /* IQKeyboardManagerConstantsInternal.swift */ = {isa = PBXFileReference; fileEncoding = 4; lastKnownFileType = sourcecode.swift; path = IQKeyboardManagerConstantsInternal.swift; sourceTree = "<group>"; };
		6781F4E828A044260089382C /* IQKeyboardManagerConstants.swift */ = {isa = PBXFileReference; fileEncoding = 4; lastKnownFileType = sourcecode.swift; path = IQKeyboardManagerConstants.swift; sourceTree = "<group>"; };
		6781F4E928A044260089382C /* IQKeyboardManager+Position.swift */ = {isa = PBXFileReference; fileEncoding = 4; lastKnownFileType = sourcecode.swift; path = "IQKeyboardManager+Position.swift"; sourceTree = "<group>"; };
		6781F4EA28A044260089382C /* IQKeyboardReturnKeyHandler.swift */ = {isa = PBXFileReference; fileEncoding = 4; lastKnownFileType = sourcecode.swift; path = IQKeyboardReturnKeyHandler.swift; sourceTree = "<group>"; };
		6781F4EB28A044260089382C /* IQKeyboardManager.swift */ = {isa = PBXFileReference; fileEncoding = 4; lastKnownFileType = sourcecode.swift; path = IQKeyboardManager.swift; sourceTree = "<group>"; };
		6781F4EC28A044260089382C /* IQKeyboardManager+Debug.swift */ = {isa = PBXFileReference; fileEncoding = 4; lastKnownFileType = sourcecode.swift; path = "IQKeyboardManager+Debug.swift"; sourceTree = "<group>"; };
		6781F4ED28A044260089382C /* IQKeyboardManager+OrientationNotification.swift */ = {isa = PBXFileReference; fileEncoding = 4; lastKnownFileType = sourcecode.swift; path = "IQKeyboardManager+OrientationNotification.swift"; sourceTree = "<group>"; };
		6781F4EE28A044260089382C /* IQKeyboardManager+Toolbar.swift */ = {isa = PBXFileReference; fileEncoding = 4; lastKnownFileType = sourcecode.swift; path = "IQKeyboardManager+Toolbar.swift"; sourceTree = "<group>"; };
		6781F4EF28A044260089382C /* IQKeyboardManagerSwift.h */ = {isa = PBXFileReference; fileEncoding = 4; lastKnownFileType = sourcecode.c.h; path = IQKeyboardManagerSwift.h; sourceTree = "<group>"; };
		6781F4F128A044260089382C /* IQUIScrollView+Additions.swift */ = {isa = PBXFileReference; fileEncoding = 4; lastKnownFileType = sourcecode.swift; path = "IQUIScrollView+Additions.swift"; sourceTree = "<group>"; };
		6781F4F228A044260089382C /* IQUIViewController+Additions.swift */ = {isa = PBXFileReference; fileEncoding = 4; lastKnownFileType = sourcecode.swift; path = "IQUIViewController+Additions.swift"; sourceTree = "<group>"; };
		6781F4F328A044260089382C /* IQUITextFieldView+Additions.swift */ = {isa = PBXFileReference; fileEncoding = 4; lastKnownFileType = sourcecode.swift; path = "IQUITextFieldView+Additions.swift"; sourceTree = "<group>"; };
		6781F4F428A044260089382C /* IQUIView+Hierarchy.swift */ = {isa = PBXFileReference; fileEncoding = 4; lastKnownFileType = sourcecode.swift; path = "IQUIView+Hierarchy.swift"; sourceTree = "<group>"; };
		6781F4F528A044260089382C /* IQNSArray+Sort.swift */ = {isa = PBXFileReference; fileEncoding = 4; lastKnownFileType = sourcecode.swift; path = "IQNSArray+Sort.swift"; sourceTree = "<group>"; };
		6781F4F628A044260089382C /* IQKeyboardManager+UITextFieldViewNotification.swift */ = {isa = PBXFileReference; fileEncoding = 4; lastKnownFileType = sourcecode.swift; path = "IQKeyboardManager+UITextFieldViewNotification.swift"; sourceTree = "<group>"; };
		67A7AFAA28A03DF30028CB4F /* ResetPasswordVC.swift */ = {isa = PBXFileReference; fileEncoding = 4; lastKnownFileType = sourcecode.swift; path = ResetPasswordVC.swift; sourceTree = "<group>"; };
		67B55EFB289F02C80083F5C9 /* Kuebeeko.app */ = {isa = PBXFileReference; explicitFileType = wrapper.application; includeInIndex = 0; path = Kuebeeko.app; sourceTree = BUILT_PRODUCTS_DIR; };
		67B55EFE289F02C80083F5C9 /* AppDelegate.swift */ = {isa = PBXFileReference; lastKnownFileType = sourcecode.swift; path = AppDelegate.swift; sourceTree = "<group>"; };
		67B55F00289F02C80083F5C9 /* SceneDelegate.swift */ = {isa = PBXFileReference; lastKnownFileType = sourcecode.swift; path = SceneDelegate.swift; sourceTree = "<group>"; };
		67B55F02289F02C80083F5C9 /* ViewController.swift */ = {isa = PBXFileReference; lastKnownFileType = sourcecode.swift; path = ViewController.swift; sourceTree = "<group>"; };
		67B55F05289F02C80083F5C9 /* Base */ = {isa = PBXFileReference; lastKnownFileType = file.storyboard; name = Base; path = Base.lproj/Main.storyboard; sourceTree = "<group>"; };
		67B55F08289F02C80083F5C9 /* Kuebeeko.xcdatamodel */ = {isa = PBXFileReference; lastKnownFileType = wrapper.xcdatamodel; path = Kuebeeko.xcdatamodel; sourceTree = "<group>"; };
		67B55F0A289F02CA0083F5C9 /* Assets.xcassets */ = {isa = PBXFileReference; lastKnownFileType = folder.assetcatalog; path = Assets.xcassets; sourceTree = "<group>"; };
		67B55F0D289F02CA0083F5C9 /* Base */ = {isa = PBXFileReference; lastKnownFileType = file.storyboard; name = Base; path = Base.lproj/LaunchScreen.storyboard; sourceTree = "<group>"; };
		67B55F0F289F02CA0083F5C9 /* Info.plist */ = {isa = PBXFileReference; lastKnownFileType = text.plist.xml; path = Info.plist; sourceTree = "<group>"; };
		67B55F14289F02CB0083F5C9 /* KuebeekoTests.xctest */ = {isa = PBXFileReference; explicitFileType = wrapper.cfbundle; includeInIndex = 0; path = KuebeekoTests.xctest; sourceTree = BUILT_PRODUCTS_DIR; };
		67B55F18289F02CB0083F5C9 /* KuebeekoTests.swift */ = {isa = PBXFileReference; lastKnownFileType = sourcecode.swift; path = KuebeekoTests.swift; sourceTree = "<group>"; };
		67B55F1E289F02CB0083F5C9 /* KuebeekoUITests.xctest */ = {isa = PBXFileReference; explicitFileType = wrapper.cfbundle; includeInIndex = 0; path = KuebeekoUITests.xctest; sourceTree = BUILT_PRODUCTS_DIR; };
		67B55F22289F02CB0083F5C9 /* KuebeekoUITests.swift */ = {isa = PBXFileReference; lastKnownFileType = sourcecode.swift; path = KuebeekoUITests.swift; sourceTree = "<group>"; };
		67B55F24289F02CB0083F5C9 /* KuebeekoUITestsLaunchTests.swift */ = {isa = PBXFileReference; lastKnownFileType = sourcecode.swift; path = KuebeekoUITestsLaunchTests.swift; sourceTree = "<group>"; };
		67B55F39289F04DA0083F5C9 /* GoogleService-Info.plist */ = {isa = PBXFileReference; fileEncoding = 4; lastKnownFileType = text.plist.xml; path = "GoogleService-Info.plist"; sourceTree = "<group>"; };
		67B55F3B289F05710083F5C9 /* FirebaseHandler.swift */ = {isa = PBXFileReference; fileEncoding = 4; lastKnownFileType = sourcecode.swift; path = FirebaseHandler.swift; sourceTree = "<group>"; };
		67B55F3D289F08DB0083F5C9 /* Design.swift */ = {isa = PBXFileReference; fileEncoding = 4; lastKnownFileType = sourcecode.swift; path = Design.swift; sourceTree = "<group>"; };
		67B55F3F289F08E90083F5C9 /* Utility.swift */ = {isa = PBXFileReference; fileEncoding = 4; lastKnownFileType = sourcecode.swift; path = Utility.swift; sourceTree = "<group>"; };
		67B55F40289F08E90083F5C9 /* Validations.swift */ = {isa = PBXFileReference; fileEncoding = 4; lastKnownFileType = sourcecode.swift; path = Validations.swift; sourceTree = "<group>"; };
		67B55F41289F08E90083F5C9 /* Constants.swift */ = {isa = PBXFileReference; fileEncoding = 4; lastKnownFileType = sourcecode.swift; path = Constants.swift; sourceTree = "<group>"; };
		67B55F51289F11010083F5C9 /* LoginVC.swift */ = {isa = PBXFileReference; lastKnownFileType = sourcecode.swift; path = LoginVC.swift; sourceTree = "<group>"; };
		67DF972128A6DBF300B74F12 /* Webservices.swift */ = {isa = PBXFileReference; fileEncoding = 4; lastKnownFileType = sourcecode.swift; path = Webservices.swift; sourceTree = "<group>"; };
		67FC500828A71482008542E1 /* SubjectModel.swift */ = {isa = PBXFileReference; lastKnownFileType = sourcecode.swift; path = SubjectModel.swift; sourceTree = "<group>"; };
		67FC502328A721BE008542E1 /* Extension+String.swift */ = {isa = PBXFileReference; lastKnownFileType = sourcecode.swift; path = "Extension+String.swift"; sourceTree = "<group>"; };
		67FC502A28A72A24008542E1 /* Extension+UIImageView.swift */ = {isa = PBXFileReference; lastKnownFileType = sourcecode.swift; path = "Extension+UIImageView.swift"; sourceTree = "<group>"; };
/* End PBXFileReference section */

/* Begin PBXFrameworksBuildPhase section */
		67B55EF8289F02C70083F5C9 /* Frameworks */ = {
			isa = PBXFrameworksBuildPhase;
			buildActionMask = 2147483647;
			files = (
				67FC501828A71D81008542E1 /* FirebaseDatabaseSwift in Frameworks */,
				67FC502928A729C7008542E1 /* SDWebImageMapKit in Frameworks */,
				67FC500E28A71D81008542E1 /* FirebaseAnalyticsSwift in Frameworks */,
				67FC500C28A71D81008542E1 /* FirebaseAnalytics in Frameworks */,
				67FC502228A71D81008542E1 /* FirebaseStorageCombine-Community in Frameworks */,
				670515A128A46C4700899A56 /* Alamofire in Frameworks */,
				67FC501428A71D81008542E1 /* FirebaseCrashlytics in Frameworks */,
				67FC502028A71D81008542E1 /* FirebaseStorage in Frameworks */,
				67FC501C28A71D81008542E1 /* FirebaseFirestoreSwift in Frameworks */,
				67FC501A28A71D81008542E1 /* FirebaseFirestore in Frameworks */,
				67FC501028A71D81008542E1 /* FirebaseAuth in Frameworks */,
				67FC502728A729C7008542E1 /* SDWebImage in Frameworks */,
				67FC501628A71D81008542E1 /* FirebaseDatabase in Frameworks */,
				67FC501E28A71D81008542E1 /* FirebaseMessaging in Frameworks */,
				67FC501228A71D81008542E1 /* FirebaseAuthCombine-Community in Frameworks */,
			);
			runOnlyForDeploymentPostprocessing = 0;
		};
		67B55F11289F02CB0083F5C9 /* Frameworks */ = {
			isa = PBXFrameworksBuildPhase;
			buildActionMask = 2147483647;
			files = (
			);
			runOnlyForDeploymentPostprocessing = 0;
		};
		67B55F1B289F02CB0083F5C9 /* Frameworks */ = {
			isa = PBXFrameworksBuildPhase;
			buildActionMask = 2147483647;
			files = (
			);
			runOnlyForDeploymentPostprocessing = 0;
		};
/* End PBXFrameworksBuildPhase section */

/* Begin PBXGroup section */
		6705159328A3025C00899A56 /* Onboarding */ = {
			isa = PBXGroup;
			children = (
				67A7AFAA28A03DF30028CB4F /* ResetPasswordVC.swift */,
				671ECC18289F1B9500C768D1 /* SignUpVC.swift */,
				67B55F51289F11010083F5C9 /* LoginVC.swift */,
			);
			path = Onboarding;
			sourceTree = "<group>";
		};
		6705159428A3027A00899A56 /* Dashboard */ = {
			isa = PBXGroup;
			children = (
				6705159528A3029B00899A56 /* DashboardVC.swift */,
			);
			path = Dashboard;
			sourceTree = "<group>";
		};
		672174F428A56ADD00977FC1 /* Tutor */ = {
			isa = PBXGroup;
			children = (
				672174F528A56AF700977FC1 /* TutorDetailVC.swift */,
				672174F728A56B1800977FC1 /* AddTutorVC.swift */,
				672174F928A59FF100977FC1 /* ViewRatingsVC.swift */,
				67593A5A28A84B4E008F72C4 /* TutorDashboardVC.swift */,
			);
			path = Tutor;
			sourceTree = "<group>";
		};
		672174FB28A5A04700977FC1 /* RatingsCell */ = {
			isa = PBXGroup;
			children = (
				672174FC28A5A07000977FC1 /* RatingsCell.swift */,
				672174FD28A5A07000977FC1 /* RatingsCell.xib */,
			);
			path = RatingsCell;
			sourceTree = "<group>";
		};
		67593A5C28A854AE008F72C4 /* Student */ = {
			isa = PBXGroup;
			children = (
				67593A5D28A854C3008F72C4 /* StudentDashboardVC.swift */,
				673FFF6228A8ACAA00FCD27A /* AddReviewVC.swift */,
			);
			path = Student;
			sourceTree = "<group>";
		};
		6781F4DA28A044260089382C /* IQKeyboardManagerSwift */ = {
			isa = PBXGroup;
			children = (
				6781F4DB28A044260089382C /* IQTextView */,
				6781F4DD28A044260089382C /* IQKeyboardManager+Internal.swift */,
				6781F4DE28A044260089382C /* IQToolbar */,
				6781F4E528A044260089382C /* IQKeyboardManager+UIKeyboardNotification.swift */,
				6781F4E628A044260089382C /* Constants */,
				6781F4E928A044260089382C /* IQKeyboardManager+Position.swift */,
				6781F4EA28A044260089382C /* IQKeyboardReturnKeyHandler.swift */,
				6781F4EB28A044260089382C /* IQKeyboardManager.swift */,
				6781F4EC28A044260089382C /* IQKeyboardManager+Debug.swift */,
				6781F4ED28A044260089382C /* IQKeyboardManager+OrientationNotification.swift */,
				6781F4EE28A044260089382C /* IQKeyboardManager+Toolbar.swift */,
				6781F4EF28A044260089382C /* IQKeyboardManagerSwift.h */,
				6781F4F028A044260089382C /* Categories */,
				6781F4F628A044260089382C /* IQKeyboardManager+UITextFieldViewNotification.swift */,
			);
			path = IQKeyboardManagerSwift;
			sourceTree = "<group>";
		};
		6781F4DB28A044260089382C /* IQTextView */ = {
			isa = PBXGroup;
			children = (
				6781F4DC28A044260089382C /* IQTextView.swift */,
			);
			path = IQTextView;
			sourceTree = "<group>";
		};
		6781F4DE28A044260089382C /* IQToolbar */ = {
			isa = PBXGroup;
			children = (
				6781F4DF28A044260089382C /* IQPreviousNextView.swift */,
				6781F4E028A044260089382C /* IQTitleBarButtonItem.swift */,
				6781F4E128A044260089382C /* IQBarButtonItem.swift */,
				6781F4E228A044260089382C /* IQToolbar.swift */,
				6781F4E328A044260089382C /* IQUIView+IQKeyboardToolbar.swift */,
				6781F4E428A044260089382C /* IQInvocation.swift */,
			);
			path = IQToolbar;
			sourceTree = "<group>";
		};
		6781F4E628A044260089382C /* Constants */ = {
			isa = PBXGroup;
			children = (
				6781F4E728A044260089382C /* IQKeyboardManagerConstantsInternal.swift */,
				6781F4E828A044260089382C /* IQKeyboardManagerConstants.swift */,
			);
			path = Constants;
			sourceTree = "<group>";
		};
		6781F4F028A044260089382C /* Categories */ = {
			isa = PBXGroup;
			children = (
				6781F4F128A044260089382C /* IQUIScrollView+Additions.swift */,
				6781F4F228A044260089382C /* IQUIViewController+Additions.swift */,
				6781F4F328A044260089382C /* IQUITextFieldView+Additions.swift */,
				6781F4F428A044260089382C /* IQUIView+Hierarchy.swift */,
				6781F4F528A044260089382C /* IQNSArray+Sort.swift */,
			);
			path = Categories;
			sourceTree = "<group>";
		};
		67B55EF2289F02C70083F5C9 = {
			isa = PBXGroup;
			children = (
				67B55EFD289F02C80083F5C9 /* Kuebeeko */,
				67B55F17289F02CB0083F5C9 /* KuebeekoTests */,
				67B55F21289F02CB0083F5C9 /* KuebeekoUITests */,
				67B55EFC289F02C80083F5C9 /* Products */,
			);
			sourceTree = "<group>";
		};
		67B55EFC289F02C80083F5C9 /* Products */ = {
			isa = PBXGroup;
			children = (
				67B55EFB289F02C80083F5C9 /* Kuebeeko.app */,
				67B55F14289F02CB0083F5C9 /* KuebeekoTests.xctest */,
				67B55F1E289F02CB0083F5C9 /* KuebeekoUITests.xctest */,
			);
			name = Products;
			sourceTree = "<group>";
		};
		67B55EFD289F02C80083F5C9 /* Kuebeeko */ = {
			isa = PBXGroup;
			children = (
				67B55F38289F03270083F5C9 /* Misc */,
				67B55F37289F03210083F5C9 /* Design */,
				67B55F36289F031A0083F5C9 /* Libraries */,
				67B55F35289F03150083F5C9 /* Helper */,
				67B55F32289F02F90083F5C9 /* Model */,
				67B55F33289F02FF0083F5C9 /* View */,
				67B55F34289F03060083F5C9 /* Controller */,
				67B55F31289F02EF0083F5C9 /* Supporting */,
				67B55F07289F02C80083F5C9 /* Kuebeeko.xcdatamodeld */,
				67B55F39289F04DA0083F5C9 /* GoogleService-Info.plist */,
			);
			path = Kuebeeko;
			sourceTree = "<group>";
		};
		67B55F17289F02CB0083F5C9 /* KuebeekoTests */ = {
			isa = PBXGroup;
			children = (
				67B55F18289F02CB0083F5C9 /* KuebeekoTests.swift */,
			);
			path = KuebeekoTests;
			sourceTree = "<group>";
		};
		67B55F21289F02CB0083F5C9 /* KuebeekoUITests */ = {
			isa = PBXGroup;
			children = (
				67B55F22289F02CB0083F5C9 /* KuebeekoUITests.swift */,
				67B55F24289F02CB0083F5C9 /* KuebeekoUITestsLaunchTests.swift */,
			);
			path = KuebeekoUITests;
			sourceTree = "<group>";
		};
		67B55F31289F02EF0083F5C9 /* Supporting */ = {
			isa = PBXGroup;
			children = (
				67B55EFE289F02C80083F5C9 /* AppDelegate.swift */,
				67B55F00289F02C80083F5C9 /* SceneDelegate.swift */,
				67B55F0A289F02CA0083F5C9 /* Assets.xcassets */,
				67B55F0F289F02CA0083F5C9 /* Info.plist */,
			);
			path = Supporting;
			sourceTree = "<group>";
		};
		67B55F32289F02F90083F5C9 /* Model */ = {
			isa = PBXGroup;
			children = (
				6705159728A3032400899A56 /* UserModel.swift */,
				6705159928A315C900899A56 /* TutorModel.swift */,
				6721750028A5A27F00977FC1 /* RatingModel.swift */,
				67FC500828A71482008542E1 /* SubjectModel.swift */,
			);
			path = Model;
			sourceTree = "<group>";
		};
		67B55F33289F02FF0083F5C9 /* View */ = {
			isa = PBXGroup;
			children = (
				672174FB28A5A04700977FC1 /* RatingsCell */,
				67B55F04289F02C80083F5C9 /* Main.storyboard */,
				67B55F0C289F02CA0083F5C9 /* LaunchScreen.storyboard */,
				6705159B28A3162F00899A56 /* TutorCell.swift */,
				6705159C28A3162F00899A56 /* TutorCell.xib */,
			);
			path = View;
			sourceTree = "<group>";
		};
		67B55F34289F03060083F5C9 /* Controller */ = {
			isa = PBXGroup;
			children = (
				67593A5C28A854AE008F72C4 /* Student */,
				672174F428A56ADD00977FC1 /* Tutor */,
				6705159428A3027A00899A56 /* Dashboard */,
				6705159328A3025C00899A56 /* Onboarding */,
				67B55F02289F02C80083F5C9 /* ViewController.swift */,
			);
			path = Controller;
			sourceTree = "<group>";
		};
		67B55F35289F03150083F5C9 /* Helper */ = {
			isa = PBXGroup;
			children = (
				67DF972128A6DBF300B74F12 /* Webservices.swift */,
				67B55F41289F08E90083F5C9 /* Constants.swift */,
				67B55F3F289F08E90083F5C9 /* Utility.swift */,
				67B55F40289F08E90083F5C9 /* Validations.swift */,
				67B55F3B289F05710083F5C9 /* FirebaseHandler.swift */,
				67FC502328A721BE008542E1 /* Extension+String.swift */,
				67FC502A28A72A24008542E1 /* Extension+UIImageView.swift */,
			);
			path = Helper;
			sourceTree = "<group>";
		};
		67B55F36289F031A0083F5C9 /* Libraries */ = {
			isa = PBXGroup;
			children = (
				672174F228A5662000977FC1 /* CosmosDistrib.swift */,
				6781F4DA28A044260089382C /* IQKeyboardManagerSwift */,
			);
			path = Libraries;
			sourceTree = "<group>";
		};
		67B55F37289F03210083F5C9 /* Design */ = {
			isa = PBXGroup;
			children = (
				67B55F3D289F08DB0083F5C9 /* Design.swift */,
			);
			path = Design;
			sourceTree = "<group>";
		};
		67B55F38289F03270083F5C9 /* Misc */ = {
			isa = PBXGroup;
			children = (
			);
			path = Misc;
			sourceTree = "<group>";
		};
/* End PBXGroup section */

/* Begin PBXNativeTarget section */
		67B55EFA289F02C70083F5C9 /* Kuebeeko */ = {
			isa = PBXNativeTarget;
			buildConfigurationList = 67B55F28289F02CB0083F5C9 /* Build configuration list for PBXNativeTarget "Kuebeeko" */;
			buildPhases = (
				67B55EF7289F02C70083F5C9 /* Sources */,
				67B55EF8289F02C70083F5C9 /* Frameworks */,
				67B55EF9289F02C70083F5C9 /* Resources */,
			);
			buildRules = (
			);
			dependencies = (
			);
			name = Kuebeeko;
			packageProductDependencies = (
				670515A028A46C4700899A56 /* Alamofire */,
				67FC500B28A71D81008542E1 /* FirebaseAnalytics */,
				67FC500D28A71D81008542E1 /* FirebaseAnalyticsSwift */,
				67FC500F28A71D81008542E1 /* FirebaseAuth */,
				67FC501128A71D81008542E1 /* FirebaseAuthCombine-Community */,
				67FC501328A71D81008542E1 /* FirebaseCrashlytics */,
				67FC501528A71D81008542E1 /* FirebaseDatabase */,
				67FC501728A71D81008542E1 /* FirebaseDatabaseSwift */,
				67FC501928A71D81008542E1 /* FirebaseFirestore */,
				67FC501B28A71D81008542E1 /* FirebaseFirestoreSwift */,
				67FC501D28A71D81008542E1 /* FirebaseMessaging */,
				67FC501F28A71D81008542E1 /* FirebaseStorage */,
				67FC502128A71D81008542E1 /* FirebaseStorageCombine-Community */,
				67FC502628A729C7008542E1 /* SDWebImage */,
				67FC502828A729C7008542E1 /* SDWebImageMapKit */,
			);
			productName = Kuebeeko;
			productReference = 67B55EFB289F02C80083F5C9 /* Kuebeeko.app */;
			productType = "com.apple.product-type.application";
		};
		67B55F13289F02CB0083F5C9 /* KuebeekoTests */ = {
			isa = PBXNativeTarget;
			buildConfigurationList = 67B55F2B289F02CB0083F5C9 /* Build configuration list for PBXNativeTarget "KuebeekoTests" */;
			buildPhases = (
				67B55F10289F02CB0083F5C9 /* Sources */,
				67B55F11289F02CB0083F5C9 /* Frameworks */,
				67B55F12289F02CB0083F5C9 /* Resources */,
			);
			buildRules = (
			);
			dependencies = (
				67B55F16289F02CB0083F5C9 /* PBXTargetDependency */,
			);
			name = KuebeekoTests;
			productName = KuebeekoTests;
			productReference = 67B55F14289F02CB0083F5C9 /* KuebeekoTests.xctest */;
			productType = "com.apple.product-type.bundle.unit-test";
		};
		67B55F1D289F02CB0083F5C9 /* KuebeekoUITests */ = {
			isa = PBXNativeTarget;
			buildConfigurationList = 67B55F2E289F02CB0083F5C9 /* Build configuration list for PBXNativeTarget "KuebeekoUITests" */;
			buildPhases = (
				67B55F1A289F02CB0083F5C9 /* Sources */,
				67B55F1B289F02CB0083F5C9 /* Frameworks */,
				67B55F1C289F02CB0083F5C9 /* Resources */,
			);
			buildRules = (
			);
			dependencies = (
				67B55F20289F02CB0083F5C9 /* PBXTargetDependency */,
			);
			name = KuebeekoUITests;
			productName = KuebeekoUITests;
			productReference = 67B55F1E289F02CB0083F5C9 /* KuebeekoUITests.xctest */;
			productType = "com.apple.product-type.bundle.ui-testing";
		};
/* End PBXNativeTarget section */

/* Begin PBXProject section */
		67B55EF3289F02C70083F5C9 /* Project object */ = {
			isa = PBXProject;
			attributes = {
				BuildIndependentTargetsInParallel = 1;
				LastSwiftUpdateCheck = 1320;
				LastUpgradeCheck = 1320;
				TargetAttributes = {
					67B55EFA289F02C70083F5C9 = {
						CreatedOnToolsVersion = 13.2.1;
					};
					67B55F13289F02CB0083F5C9 = {
						CreatedOnToolsVersion = 13.2.1;
						TestTargetID = 67B55EFA289F02C70083F5C9;
					};
					67B55F1D289F02CB0083F5C9 = {
						CreatedOnToolsVersion = 13.2.1;
						TestTargetID = 67B55EFA289F02C70083F5C9;
					};
				};
			};
			buildConfigurationList = 67B55EF6289F02C70083F5C9 /* Build configuration list for PBXProject "Kuebeeko" */;
			compatibilityVersion = "Xcode 8.0";
			developmentRegion = en;
			hasScannedForEncodings = 0;
			knownRegions = (
				en,
				Base,
			);
			mainGroup = 67B55EF2289F02C70083F5C9;
			packageReferences = (
				6705159F28A46C4600899A56 /* XCRemoteSwiftPackageReference "Alamofire" */,
				67FC500A28A71D81008542E1 /* XCRemoteSwiftPackageReference "firebase-ios-sdk" */,
				67FC502528A729C6008542E1 /* XCRemoteSwiftPackageReference "SDWebImage" */,
			);
			productRefGroup = 67B55EFC289F02C80083F5C9 /* Products */;
			projectDirPath = "";
			projectRoot = "";
			targets = (
				67B55EFA289F02C70083F5C9 /* Kuebeeko */,
				67B55F13289F02CB0083F5C9 /* KuebeekoTests */,
				67B55F1D289F02CB0083F5C9 /* KuebeekoUITests */,
			);
		};
/* End PBXProject section */

/* Begin PBXResourcesBuildPhase section */
		67B55EF9289F02C70083F5C9 /* Resources */ = {
			isa = PBXResourcesBuildPhase;
			buildActionMask = 2147483647;
			files = (
				67B55F0E289F02CA0083F5C9 /* LaunchScreen.storyboard in Resources */,
				67B55F3A289F04DA0083F5C9 /* GoogleService-Info.plist in Resources */,
				6705159E28A3162F00899A56 /* TutorCell.xib in Resources */,
				67B55F0B289F02CA0083F5C9 /* Assets.xcassets in Resources */,
				672174FF28A5A07000977FC1 /* RatingsCell.xib in Resources */,
				67B55F06289F02C80083F5C9 /* Main.storyboard in Resources */,
			);
			runOnlyForDeploymentPostprocessing = 0;
		};
		67B55F12289F02CB0083F5C9 /* Resources */ = {
			isa = PBXResourcesBuildPhase;
			buildActionMask = 2147483647;
			files = (
			);
			runOnlyForDeploymentPostprocessing = 0;
		};
		67B55F1C289F02CB0083F5C9 /* Resources */ = {
			isa = PBXResourcesBuildPhase;
			buildActionMask = 2147483647;
			files = (
			);
			runOnlyForDeploymentPostprocessing = 0;
		};
/* End PBXResourcesBuildPhase section */

/* Begin PBXSourcesBuildPhase section */
		67B55EF7289F02C70083F5C9 /* Sources */ = {
			isa = PBXSourcesBuildPhase;
			buildActionMask = 2147483647;
			files = (
				673FFF6328A8ACAA00FCD27A /* AddReviewVC.swift in Sources */,
				6781F50128A044260089382C /* IQKeyboardManagerConstants.swift in Sources */,
				67B55F42289F08E90083F5C9 /* Utility.swift in Sources */,
				6781F50228A044260089382C /* IQKeyboardManager+Position.swift in Sources */,
				67593A5E28A854C3008F72C4 /* StudentDashboardVC.swift in Sources */,
				6721750128A5A27F00977FC1 /* RatingModel.swift in Sources */,
				672174F328A5662000977FC1 /* CosmosDistrib.swift in Sources */,
				6781F4FA28A044260089382C /* IQTitleBarButtonItem.swift in Sources */,
				67593A5B28A84B4E008F72C4 /* TutorDashboardVC.swift in Sources */,
				6781F50C28A044260089382C /* IQNSArray+Sort.swift in Sources */,
				6781F50428A044260089382C /* IQKeyboardManager.swift in Sources */,
				67DF972228A6DBF500B74F12 /* Webservices.swift in Sources */,
				672174FA28A59FF100977FC1 /* ViewRatingsVC.swift in Sources */,
				67B55F3C289F05710083F5C9 /* FirebaseHandler.swift in Sources */,
				6705159828A3032400899A56 /* UserModel.swift in Sources */,
				6781F50A28A044260089382C /* IQUITextFieldView+Additions.swift in Sources */,
				6781F50D28A044260089382C /* IQKeyboardManager+UITextFieldViewNotification.swift in Sources */,
				6781F50028A044260089382C /* IQKeyboardManagerConstantsInternal.swift in Sources */,
				67FC502B28A72A24008542E1 /* Extension+UIImageView.swift in Sources */,
				6781F50328A044260089382C /* IQKeyboardReturnKeyHandler.swift in Sources */,
				6781F4FB28A044260089382C /* IQBarButtonItem.swift in Sources */,
				67B55F43289F08E90083F5C9 /* Validations.swift in Sources */,
				6705159628A3029B00899A56 /* DashboardVC.swift in Sources */,
				671ECC19289F1B9600C768D1 /* SignUpVC.swift in Sources */,
				6705159A28A315C900899A56 /* TutorModel.swift in Sources */,
				67B55F09289F02C80083F5C9 /* Kuebeeko.xcdatamodeld in Sources */,
				6781F50528A044260089382C /* IQKeyboardManager+Debug.swift in Sources */,
				67B55F52289F11010083F5C9 /* LoginVC.swift in Sources */,
				6781F50728A044260089382C /* IQKeyboardManager+Toolbar.swift in Sources */,
				6705159D28A3162F00899A56 /* TutorCell.swift in Sources */,
				67FC500928A71482008542E1 /* SubjectModel.swift in Sources */,
				6781F4FD28A044260089382C /* IQUIView+IQKeyboardToolbar.swift in Sources */,
				6781F4FE28A044260089382C /* IQInvocation.swift in Sources */,
				672174F828A56B1800977FC1 /* AddTutorVC.swift in Sources */,
				67B55F03289F02C80083F5C9 /* ViewController.swift in Sources */,
				67B55F3E289F08DB0083F5C9 /* Design.swift in Sources */,
				67FC502428A721BE008542E1 /* Extension+String.swift in Sources */,
				6781F50628A044260089382C /* IQKeyboardManager+OrientationNotification.swift in Sources */,
				67B55EFF289F02C80083F5C9 /* AppDelegate.swift in Sources */,
				6781F50B28A044260089382C /* IQUIView+Hierarchy.swift in Sources */,
				67B55F01289F02C80083F5C9 /* SceneDelegate.swift in Sources */,
				6781F50928A044260089382C /* IQUIViewController+Additions.swift in Sources */,
				6781F4F728A044260089382C /* IQTextView.swift in Sources */,
				6781F50828A044260089382C /* IQUIScrollView+Additions.swift in Sources */,
				6781F4F928A044260089382C /* IQPreviousNextView.swift in Sources */,
				67B55F44289F08E90083F5C9 /* Constants.swift in Sources */,
				6781F4FF28A044260089382C /* IQKeyboardManager+UIKeyboardNotification.swift in Sources */,
				6781F4F828A044260089382C /* IQKeyboardManager+Internal.swift in Sources */,
				672174FE28A5A07000977FC1 /* RatingsCell.swift in Sources */,
				67A7AFAB28A03DF30028CB4F /* ResetPasswordVC.swift in Sources */,
				672174F628A56AF700977FC1 /* TutorDetailVC.swift in Sources */,
				6781F4FC28A044260089382C /* IQToolbar.swift in Sources */,
			);
			runOnlyForDeploymentPostprocessing = 0;
		};
		67B55F10289F02CB0083F5C9 /* Sources */ = {
			isa = PBXSourcesBuildPhase;
			buildActionMask = 2147483647;
			files = (
				67B55F19289F02CB0083F5C9 /* KuebeekoTests.swift in Sources */,
			);
			runOnlyForDeploymentPostprocessing = 0;
		};
		67B55F1A289F02CB0083F5C9 /* Sources */ = {
			isa = PBXSourcesBuildPhase;
			buildActionMask = 2147483647;
			files = (
				67B55F25289F02CB0083F5C9 /* KuebeekoUITestsLaunchTests.swift in Sources */,
				67B55F23289F02CB0083F5C9 /* KuebeekoUITests.swift in Sources */,
			);
			runOnlyForDeploymentPostprocessing = 0;
		};
/* End PBXSourcesBuildPhase section */

/* Begin PBXTargetDependency section */
		67B55F16289F02CB0083F5C9 /* PBXTargetDependency */ = {
			isa = PBXTargetDependency;
			target = 67B55EFA289F02C70083F5C9 /* Kuebeeko */;
			targetProxy = 67B55F15289F02CB0083F5C9 /* PBXContainerItemProxy */;
		};
		67B55F20289F02CB0083F5C9 /* PBXTargetDependency */ = {
			isa = PBXTargetDependency;
			target = 67B55EFA289F02C70083F5C9 /* Kuebeeko */;
			targetProxy = 67B55F1F289F02CB0083F5C9 /* PBXContainerItemProxy */;
		};
/* End PBXTargetDependency section */

/* Begin PBXVariantGroup section */
		67B55F04289F02C80083F5C9 /* Main.storyboard */ = {
			isa = PBXVariantGroup;
			children = (
				67B55F05289F02C80083F5C9 /* Base */,
			);
			name = Main.storyboard;
			sourceTree = "<group>";
		};
		67B55F0C289F02CA0083F5C9 /* LaunchScreen.storyboard */ = {
			isa = PBXVariantGroup;
			children = (
				67B55F0D289F02CA0083F5C9 /* Base */,
			);
			name = LaunchScreen.storyboard;
			sourceTree = "<group>";
		};
/* End PBXVariantGroup section */

/* Begin XCBuildConfiguration section */
		67B55F26289F02CB0083F5C9 /* Debug */ = {
			isa = XCBuildConfiguration;
			buildSettings = {
				ALWAYS_SEARCH_USER_PATHS = NO;
				CLANG_ANALYZER_NONNULL = YES;
				CLANG_ANALYZER_NUMBER_OBJECT_CONVERSION = YES_AGGRESSIVE;
				CLANG_CXX_LANGUAGE_STANDARD = "gnu++17";
				CLANG_CXX_LIBRARY = "libc++";
				CLANG_ENABLE_MODULES = YES;
				CLANG_ENABLE_OBJC_ARC = YES;
				CLANG_ENABLE_OBJC_WEAK = YES;
				CLANG_WARN_BLOCK_CAPTURE_AUTORELEASING = YES;
				CLANG_WARN_BOOL_CONVERSION = YES;
				CLANG_WARN_COMMA = YES;
				CLANG_WARN_CONSTANT_CONVERSION = YES;
				CLANG_WARN_DEPRECATED_OBJC_IMPLEMENTATIONS = YES;
				CLANG_WARN_DIRECT_OBJC_ISA_USAGE = YES_ERROR;
				CLANG_WARN_DOCUMENTATION_COMMENTS = YES;
				CLANG_WARN_EMPTY_BODY = YES;
				CLANG_WARN_ENUM_CONVERSION = YES;
				CLANG_WARN_INFINITE_RECURSION = YES;
				CLANG_WARN_INT_CONVERSION = YES;
				CLANG_WARN_NON_LITERAL_NULL_CONVERSION = YES;
				CLANG_WARN_OBJC_IMPLICIT_RETAIN_SELF = YES;
				CLANG_WARN_OBJC_LITERAL_CONVERSION = YES;
				CLANG_WARN_OBJC_ROOT_CLASS = YES_ERROR;
				CLANG_WARN_QUOTED_INCLUDE_IN_FRAMEWORK_HEADER = YES;
				CLANG_WARN_RANGE_LOOP_ANALYSIS = YES;
				CLANG_WARN_STRICT_PROTOTYPES = YES;
				CLANG_WARN_SUSPICIOUS_MOVE = YES;
				CLANG_WARN_UNGUARDED_AVAILABILITY = YES_AGGRESSIVE;
				CLANG_WARN_UNREACHABLE_CODE = YES;
				CLANG_WARN__DUPLICATE_METHOD_MATCH = YES;
				COPY_PHASE_STRIP = NO;
				DEBUG_INFORMATION_FORMAT = dwarf;
				ENABLE_STRICT_OBJC_MSGSEND = YES;
				ENABLE_TESTABILITY = YES;
				GCC_C_LANGUAGE_STANDARD = gnu11;
				GCC_DYNAMIC_NO_PIC = NO;
				GCC_NO_COMMON_BLOCKS = YES;
				GCC_OPTIMIZATION_LEVEL = 0;
				GCC_PREPROCESSOR_DEFINITIONS = (
					"DEBUG=1",
					"$(inherited)",
				);
				GCC_WARN_64_TO_32_BIT_CONVERSION = YES;
				GCC_WARN_ABOUT_RETURN_TYPE = YES_ERROR;
				GCC_WARN_UNDECLARED_SELECTOR = YES;
				GCC_WARN_UNINITIALIZED_AUTOS = YES_AGGRESSIVE;
				GCC_WARN_UNUSED_FUNCTION = YES;
				GCC_WARN_UNUSED_VARIABLE = YES;
				IPHONEOS_DEPLOYMENT_TARGET = 15.2;
				MTL_ENABLE_DEBUG_INFO = INCLUDE_SOURCE;
				MTL_FAST_MATH = YES;
				ONLY_ACTIVE_ARCH = YES;
				SDKROOT = iphoneos;
				SWIFT_ACTIVE_COMPILATION_CONDITIONS = DEBUG;
				SWIFT_OPTIMIZATION_LEVEL = "-Onone";
			};
			name = Debug;
		};
		67B55F27289F02CB0083F5C9 /* Release */ = {
			isa = XCBuildConfiguration;
			buildSettings = {
				ALWAYS_SEARCH_USER_PATHS = NO;
				CLANG_ANALYZER_NONNULL = YES;
				CLANG_ANALYZER_NUMBER_OBJECT_CONVERSION = YES_AGGRESSIVE;
				CLANG_CXX_LANGUAGE_STANDARD = "gnu++17";
				CLANG_CXX_LIBRARY = "libc++";
				CLANG_ENABLE_MODULES = YES;
				CLANG_ENABLE_OBJC_ARC = YES;
				CLANG_ENABLE_OBJC_WEAK = YES;
				CLANG_WARN_BLOCK_CAPTURE_AUTORELEASING = YES;
				CLANG_WARN_BOOL_CONVERSION = YES;
				CLANG_WARN_COMMA = YES;
				CLANG_WARN_CONSTANT_CONVERSION = YES;
				CLANG_WARN_DEPRECATED_OBJC_IMPLEMENTATIONS = YES;
				CLANG_WARN_DIRECT_OBJC_ISA_USAGE = YES_ERROR;
				CLANG_WARN_DOCUMENTATION_COMMENTS = YES;
				CLANG_WARN_EMPTY_BODY = YES;
				CLANG_WARN_ENUM_CONVERSION = YES;
				CLANG_WARN_INFINITE_RECURSION = YES;
				CLANG_WARN_INT_CONVERSION = YES;
				CLANG_WARN_NON_LITERAL_NULL_CONVERSION = YES;
				CLANG_WARN_OBJC_IMPLICIT_RETAIN_SELF = YES;
				CLANG_WARN_OBJC_LITERAL_CONVERSION = YES;
				CLANG_WARN_OBJC_ROOT_CLASS = YES_ERROR;
				CLANG_WARN_QUOTED_INCLUDE_IN_FRAMEWORK_HEADER = YES;
				CLANG_WARN_RANGE_LOOP_ANALYSIS = YES;
				CLANG_WARN_STRICT_PROTOTYPES = YES;
				CLANG_WARN_SUSPICIOUS_MOVE = YES;
				CLANG_WARN_UNGUARDED_AVAILABILITY = YES_AGGRESSIVE;
				CLANG_WARN_UNREACHABLE_CODE = YES;
				CLANG_WARN__DUPLICATE_METHOD_MATCH = YES;
				COPY_PHASE_STRIP = NO;
				DEBUG_INFORMATION_FORMAT = "dwarf-with-dsym";
				ENABLE_NS_ASSERTIONS = NO;
				ENABLE_STRICT_OBJC_MSGSEND = YES;
				GCC_C_LANGUAGE_STANDARD = gnu11;
				GCC_NO_COMMON_BLOCKS = YES;
				GCC_WARN_64_TO_32_BIT_CONVERSION = YES;
				GCC_WARN_ABOUT_RETURN_TYPE = YES_ERROR;
				GCC_WARN_UNDECLARED_SELECTOR = YES;
				GCC_WARN_UNINITIALIZED_AUTOS = YES_AGGRESSIVE;
				GCC_WARN_UNUSED_FUNCTION = YES;
				GCC_WARN_UNUSED_VARIABLE = YES;
				IPHONEOS_DEPLOYMENT_TARGET = 15.2;
				MTL_ENABLE_DEBUG_INFO = NO;
				MTL_FAST_MATH = YES;
				SDKROOT = iphoneos;
				SWIFT_COMPILATION_MODE = wholemodule;
				SWIFT_OPTIMIZATION_LEVEL = "-O";
				VALIDATE_PRODUCT = YES;
			};
			name = Release;
		};
		67B55F29289F02CB0083F5C9 /* Debug */ = {
			isa = XCBuildConfiguration;
			buildSettings = {
				ASSETCATALOG_COMPILER_APPICON_NAME = AppIcon;
				ASSETCATALOG_COMPILER_GLOBAL_ACCENT_COLOR_NAME = AccentColor;
				CODE_SIGN_STYLE = Automatic;
				CURRENT_PROJECT_VERSION = 1;
				DEVELOPMENT_TEAM = 9QLTPQPMC3;
				GENERATE_INFOPLIST_FILE = YES;
				INFOPLIST_FILE = Kuebeeko/Supporting/Info.plist;
				INFOPLIST_KEY_UIApplicationSupportsIndirectInputEvents = YES;
				INFOPLIST_KEY_UILaunchStoryboardName = LaunchScreen;
				INFOPLIST_KEY_UIMainStoryboardFile = Main;
				INFOPLIST_KEY_UISupportedInterfaceOrientations_iPad = "UIInterfaceOrientationPortrait UIInterfaceOrientationPortraitUpsideDown UIInterfaceOrientationLandscapeLeft UIInterfaceOrientationLandscapeRight";
				INFOPLIST_KEY_UISupportedInterfaceOrientations_iPhone = "UIInterfaceOrientationPortrait UIInterfaceOrientationLandscapeLeft UIInterfaceOrientationLandscapeRight";
				IPHONEOS_DEPLOYMENT_TARGET = 13.0;
				LD_RUNPATH_SEARCH_PATHS = (
					"$(inherited)",
					"@executable_path/Frameworks",
				);
				MARKETING_VERSION = 1.0;
				PRODUCT_BUNDLE_IDENTIFIER = com.ihitesh.Kuebeeko;
				PRODUCT_NAME = "$(TARGET_NAME)";
				SWIFT_EMIT_LOC_STRINGS = YES;
				SWIFT_VERSION = 5.0;
				TARGETED_DEVICE_FAMILY = "1,2";
			};
			name = Debug;
		};
		67B55F2A289F02CB0083F5C9 /* Release */ = {
			isa = XCBuildConfiguration;
			buildSettings = {
				ASSETCATALOG_COMPILER_APPICON_NAME = AppIcon;
				ASSETCATALOG_COMPILER_GLOBAL_ACCENT_COLOR_NAME = AccentColor;
				CODE_SIGN_STYLE = Automatic;
				CURRENT_PROJECT_VERSION = 1;
				DEVELOPMENT_TEAM = 9QLTPQPMC3;
				GENERATE_INFOPLIST_FILE = YES;
				INFOPLIST_FILE = Kuebeeko/Supporting/Info.plist;
				INFOPLIST_KEY_UIApplicationSupportsIndirectInputEvents = YES;
				INFOPLIST_KEY_UILaunchStoryboardName = LaunchScreen;
				INFOPLIST_KEY_UIMainStoryboardFile = Main;
				INFOPLIST_KEY_UISupportedInterfaceOrientations_iPad = "UIInterfaceOrientationPortrait UIInterfaceOrientationPortraitUpsideDown UIInterfaceOrientationLandscapeLeft UIInterfaceOrientationLandscapeRight";
				INFOPLIST_KEY_UISupportedInterfaceOrientations_iPhone = "UIInterfaceOrientationPortrait UIInterfaceOrientationLandscapeLeft UIInterfaceOrientationLandscapeRight";
				IPHONEOS_DEPLOYMENT_TARGET = 13.0;
				LD_RUNPATH_SEARCH_PATHS = (
					"$(inherited)",
					"@executable_path/Frameworks",
				);
				MARKETING_VERSION = 1.0;
				PRODUCT_BUNDLE_IDENTIFIER = com.ihitesh.Kuebeeko;
				PRODUCT_NAME = "$(TARGET_NAME)";
				SWIFT_EMIT_LOC_STRINGS = YES;
				SWIFT_VERSION = 5.0;
				TARGETED_DEVICE_FAMILY = "1,2";
			};
			name = Release;
		};
		67B55F2C289F02CB0083F5C9 /* Debug */ = {
			isa = XCBuildConfiguration;
			buildSettings = {
				ALWAYS_EMBED_SWIFT_STANDARD_LIBRARIES = YES;
				BUNDLE_LOADER = "$(TEST_HOST)";
				CODE_SIGN_STYLE = Automatic;
				CURRENT_PROJECT_VERSION = 1;
				DEVELOPMENT_TEAM = 9QLTPQPMC3;
				GENERATE_INFOPLIST_FILE = YES;
				IPHONEOS_DEPLOYMENT_TARGET = 15.2;
				MARKETING_VERSION = 1.0;
				PRODUCT_BUNDLE_IDENTIFIER = com.ihitesh.KuebeekoTests;
				PRODUCT_NAME = "$(TARGET_NAME)";
				SWIFT_EMIT_LOC_STRINGS = NO;
				SWIFT_VERSION = 5.0;
				TARGETED_DEVICE_FAMILY = "1,2";
				TEST_HOST = "$(BUILT_PRODUCTS_DIR)/Kuebeeko.app/Kuebeeko";
			};
			name = Debug;
		};
		67B55F2D289F02CB0083F5C9 /* Release */ = {
			isa = XCBuildConfiguration;
			buildSettings = {
				ALWAYS_EMBED_SWIFT_STANDARD_LIBRARIES = YES;
				BUNDLE_LOADER = "$(TEST_HOST)";
				CODE_SIGN_STYLE = Automatic;
				CURRENT_PROJECT_VERSION = 1;
				DEVELOPMENT_TEAM = 9QLTPQPMC3;
				GENERATE_INFOPLIST_FILE = YES;
				IPHONEOS_DEPLOYMENT_TARGET = 15.2;
				MARKETING_VERSION = 1.0;
				PRODUCT_BUNDLE_IDENTIFIER = com.ihitesh.KuebeekoTests;
				PRODUCT_NAME = "$(TARGET_NAME)";
				SWIFT_EMIT_LOC_STRINGS = NO;
				SWIFT_VERSION = 5.0;
				TARGETED_DEVICE_FAMILY = "1,2";
				TEST_HOST = "$(BUILT_PRODUCTS_DIR)/Kuebeeko.app/Kuebeeko";
			};
			name = Release;
		};
		67B55F2F289F02CB0083F5C9 /* Debug */ = {
			isa = XCBuildConfiguration;
			buildSettings = {
				ALWAYS_EMBED_SWIFT_STANDARD_LIBRARIES = YES;
				CODE_SIGN_STYLE = Automatic;
				CURRENT_PROJECT_VERSION = 1;
				DEVELOPMENT_TEAM = 9QLTPQPMC3;
				GENERATE_INFOPLIST_FILE = YES;
				MARKETING_VERSION = 1.0;
				PRODUCT_BUNDLE_IDENTIFIER = com.ihitesh.KuebeekoUITests;
				PRODUCT_NAME = "$(TARGET_NAME)";
				SWIFT_EMIT_LOC_STRINGS = NO;
				SWIFT_VERSION = 5.0;
				TARGETED_DEVICE_FAMILY = "1,2";
				TEST_TARGET_NAME = Kuebeeko;
			};
			name = Debug;
		};
		67B55F30289F02CB0083F5C9 /* Release */ = {
			isa = XCBuildConfiguration;
			buildSettings = {
				ALWAYS_EMBED_SWIFT_STANDARD_LIBRARIES = YES;
				CODE_SIGN_STYLE = Automatic;
				CURRENT_PROJECT_VERSION = 1;
				DEVELOPMENT_TEAM = 9QLTPQPMC3;
				GENERATE_INFOPLIST_FILE = YES;
				MARKETING_VERSION = 1.0;
				PRODUCT_BUNDLE_IDENTIFIER = com.ihitesh.KuebeekoUITests;
				PRODUCT_NAME = "$(TARGET_NAME)";
				SWIFT_EMIT_LOC_STRINGS = NO;
				SWIFT_VERSION = 5.0;
				TARGETED_DEVICE_FAMILY = "1,2";
				TEST_TARGET_NAME = Kuebeeko;
			};
			name = Release;
		};
/* End XCBuildConfiguration section */

/* Begin XCConfigurationList section */
		67B55EF6289F02C70083F5C9 /* Build configuration list for PBXProject "Kuebeeko" */ = {
			isa = XCConfigurationList;
			buildConfigurations = (
				67B55F26289F02CB0083F5C9 /* Debug */,
				67B55F27289F02CB0083F5C9 /* Release */,
			);
			defaultConfigurationIsVisible = 0;
			defaultConfigurationName = Release;
		};
		67B55F28289F02CB0083F5C9 /* Build configuration list for PBXNativeTarget "Kuebeeko" */ = {
			isa = XCConfigurationList;
			buildConfigurations = (
				67B55F29289F02CB0083F5C9 /* Debug */,
				67B55F2A289F02CB0083F5C9 /* Release */,
			);
			defaultConfigurationIsVisible = 0;
			defaultConfigurationName = Release;
		};
		67B55F2B289F02CB0083F5C9 /* Build configuration list for PBXNativeTarget "KuebeekoTests" */ = {
			isa = XCConfigurationList;
			buildConfigurations = (
				67B55F2C289F02CB0083F5C9 /* Debug */,
				67B55F2D289F02CB0083F5C9 /* Release */,
			);
			defaultConfigurationIsVisible = 0;
			defaultConfigurationName = Release;
		};
		67B55F2E289F02CB0083F5C9 /* Build configuration list for PBXNativeTarget "KuebeekoUITests" */ = {
			isa = XCConfigurationList;
			buildConfigurations = (
				67B55F2F289F02CB0083F5C9 /* Debug */,
				67B55F30289F02CB0083F5C9 /* Release */,
			);
			defaultConfigurationIsVisible = 0;
			defaultConfigurationName = Release;
		};
/* End XCConfigurationList section */

/* Begin XCRemoteSwiftPackageReference section */
		6705159F28A46C4600899A56 /* XCRemoteSwiftPackageReference "Alamofire" */ = {
			isa = XCRemoteSwiftPackageReference;
			repositoryURL = "https://github.com/Alamofire/Alamofire.git";
			requirement = {
				kind = upToNextMajorVersion;
				minimumVersion = 5.0.0;
			};
		};
		67FC500A28A71D81008542E1 /* XCRemoteSwiftPackageReference "firebase-ios-sdk" */ = {
			isa = XCRemoteSwiftPackageReference;
			repositoryURL = "https://github.com/firebase/firebase-ios-sdk";
			requirement = {
				branch = master;
				kind = branch;
			};
		};
		67FC502528A729C6008542E1 /* XCRemoteSwiftPackageReference "SDWebImage" */ = {
			isa = XCRemoteSwiftPackageReference;
			repositoryURL = "https://github.com/SDWebImage/SDWebImage.git";
			requirement = {
				branch = master;
				kind = branch;
			};
		};
/* End XCRemoteSwiftPackageReference section */

/* Begin XCSwiftPackageProductDependency section */
		670515A028A46C4700899A56 /* Alamofire */ = {
			isa = XCSwiftPackageProductDependency;
			package = 6705159F28A46C4600899A56 /* XCRemoteSwiftPackageReference "Alamofire" */;
			productName = Alamofire;
		};
		67FC500B28A71D81008542E1 /* FirebaseAnalytics */ = {
			isa = XCSwiftPackageProductDependency;
			package = 67FC500A28A71D81008542E1 /* XCRemoteSwiftPackageReference "firebase-ios-sdk" */;
			productName = FirebaseAnalytics;
		};
		67FC500D28A71D81008542E1 /* FirebaseAnalyticsSwift */ = {
			isa = XCSwiftPackageProductDependency;
			package = 67FC500A28A71D81008542E1 /* XCRemoteSwiftPackageReference "firebase-ios-sdk" */;
			productName = FirebaseAnalyticsSwift;
		};
		67FC500F28A71D81008542E1 /* FirebaseAuth */ = {
			isa = XCSwiftPackageProductDependency;
			package = 67FC500A28A71D81008542E1 /* XCRemoteSwiftPackageReference "firebase-ios-sdk" */;
			productName = FirebaseAuth;
		};
		67FC501128A71D81008542E1 /* FirebaseAuthCombine-Community */ = {
			isa = XCSwiftPackageProductDependency;
			package = 67FC500A28A71D81008542E1 /* XCRemoteSwiftPackageReference "firebase-ios-sdk" */;
			productName = "FirebaseAuthCombine-Community";
		};
		67FC501328A71D81008542E1 /* FirebaseCrashlytics */ = {
			isa = XCSwiftPackageProductDependency;
			package = 67FC500A28A71D81008542E1 /* XCRemoteSwiftPackageReference "firebase-ios-sdk" */;
			productName = FirebaseCrashlytics;
		};
		67FC501528A71D81008542E1 /* FirebaseDatabase */ = {
			isa = XCSwiftPackageProductDependency;
			package = 67FC500A28A71D81008542E1 /* XCRemoteSwiftPackageReference "firebase-ios-sdk" */;
			productName = FirebaseDatabase;
		};
		67FC501728A71D81008542E1 /* FirebaseDatabaseSwift */ = {
			isa = XCSwiftPackageProductDependency;
			package = 67FC500A28A71D81008542E1 /* XCRemoteSwiftPackageReference "firebase-ios-sdk" */;
			productName = FirebaseDatabaseSwift;
		};
		67FC501928A71D81008542E1 /* FirebaseFirestore */ = {
			isa = XCSwiftPackageProductDependency;
			package = 67FC500A28A71D81008542E1 /* XCRemoteSwiftPackageReference "firebase-ios-sdk" */;
			productName = FirebaseFirestore;
		};
		67FC501B28A71D81008542E1 /* FirebaseFirestoreSwift */ = {
			isa = XCSwiftPackageProductDependency;
			package = 67FC500A28A71D81008542E1 /* XCRemoteSwiftPackageReference "firebase-ios-sdk" */;
			productName = FirebaseFirestoreSwift;
		};
		67FC501D28A71D81008542E1 /* FirebaseMessaging */ = {
			isa = XCSwiftPackageProductDependency;
			package = 67FC500A28A71D81008542E1 /* XCRemoteSwiftPackageReference "firebase-ios-sdk" */;
			productName = FirebaseMessaging;
		};
		67FC501F28A71D81008542E1 /* FirebaseStorage */ = {
			isa = XCSwiftPackageProductDependency;
			package = 67FC500A28A71D81008542E1 /* XCRemoteSwiftPackageReference "firebase-ios-sdk" */;
			productName = FirebaseStorage;
		};
		67FC502128A71D81008542E1 /* FirebaseStorageCombine-Community */ = {
			isa = XCSwiftPackageProductDependency;
			package = 67FC500A28A71D81008542E1 /* XCRemoteSwiftPackageReference "firebase-ios-sdk" */;
			productName = "FirebaseStorageCombine-Community";
		};
		67FC502628A729C7008542E1 /* SDWebImage */ = {
			isa = XCSwiftPackageProductDependency;
			package = 67FC502528A729C6008542E1 /* XCRemoteSwiftPackageReference "SDWebImage" */;
			productName = SDWebImage;
		};
		67FC502828A729C7008542E1 /* SDWebImageMapKit */ = {
			isa = XCSwiftPackageProductDependency;
			package = 67FC502528A729C6008542E1 /* XCRemoteSwiftPackageReference "SDWebImage" */;
			productName = SDWebImageMapKit;
		};
/* End XCSwiftPackageProductDependency section */

/* Begin XCVersionGroup section */
		67B55F07289F02C80083F5C9 /* Kuebeeko.xcdatamodeld */ = {
			isa = XCVersionGroup;
			children = (
				67B55F08289F02C80083F5C9 /* Kuebeeko.xcdatamodel */,
			);
			currentVersion = 67B55F08289F02C80083F5C9 /* Kuebeeko.xcdatamodel */;
			path = Kuebeeko.xcdatamodeld;
			sourceTree = "<group>";
			versionGroupType = wrapper.xcdatamodel;
		};
/* End XCVersionGroup section */
	};
	rootObject = 67B55EF3289F02C70083F5C9 /* Project object */;
}
